// !$*UTF8*$!
{
	archiveVersion = 1;
	classes = {
	};
	objectVersion = 46;
	objects = {

/* Begin PBXBuildFile section */
		9833AAE816D40BA50081CEB9 /* UIKit.framework in Frameworks */ = {isa = PBXBuildFile; fileRef = 9833AAE716D40BA50081CEB9 /* UIKit.framework */; };
		9833AAEA16D40BA50081CEB9 /* Foundation.framework in Frameworks */ = {isa = PBXBuildFile; fileRef = 9833AAE916D40BA50081CEB9 /* Foundation.framework */; };
		9833AAEC16D40BA50081CEB9 /* CoreGraphics.framework in Frameworks */ = {isa = PBXBuildFile; fileRef = 9833AAEB16D40BA50081CEB9 /* CoreGraphics.framework */; };
		9833AAF216D40BA50081CEB9 /* InfoPlist.strings in Resources */ = {isa = PBXBuildFile; fileRef = 9833AAF016D40BA50081CEB9 /* InfoPlist.strings */; };
		9833AAF416D40BA50081CEB9 /* main.m in Sources */ = {isa = PBXBuildFile; fileRef = 9833AAF316D40BA50081CEB9 /* main.m */; };
		9833AAF816D40BA50081CEB9 /* SCLAppDelegate.m in Sources */ = {isa = PBXBuildFile; fileRef = 9833AAF716D40BA50081CEB9 /* SCLAppDelegate.m */; };
		9833AAFA16D40BA50081CEB9 /* Default.png in Resources */ = {isa = PBXBuildFile; fileRef = 9833AAF916D40BA50081CEB9 /* Default.png */; };
		9833AAFC16D40BA50081CEB9 /* Default@2x.png in Resources */ = {isa = PBXBuildFile; fileRef = 9833AAFB16D40BA50081CEB9 /* Default@2x.png */; };
		9833AAFE16D40BA50081CEB9 /* Default-568h@2x.png in Resources */ = {isa = PBXBuildFile; fileRef = 9833AAFD16D40BA50081CEB9 /* Default-568h@2x.png */; };
		9833AB0116D40BA50081CEB9 /* MainStoryboard.storyboard in Resources */ = {isa = PBXBuildFile; fileRef = 9833AAFF16D40BA50081CEB9 /* MainStoryboard.storyboard */; };
		9833AB0416D40BA50081CEB9 /* SCLViewController.m in Sources */ = {isa = PBXBuildFile; fileRef = 9833AB0316D40BA50081CEB9 /* SCLViewController.m */; };
/* End PBXBuildFile section */

/* Begin PBXFileReference section */
		9833AAE416D40BA50081CEB9 /* Components.app */ = {isa = PBXFileReference; explicitFileType = wrapper.application; includeInIndex = 0; path = Components.app; sourceTree = BUILT_PRODUCTS_DIR; };
		9833AAE716D40BA50081CEB9 /* UIKit.framework */ = {isa = PBXFileReference; lastKnownFileType = wrapper.framework; name = UIKit.framework; path = System/Library/Frameworks/UIKit.framework; sourceTree = SDKROOT; };
		9833AAE916D40BA50081CEB9 /* Foundation.framework */ = {isa = PBXFileReference; lastKnownFileType = wrapper.framework; name = Foundation.framework; path = System/Library/Frameworks/Foundation.framework; sourceTree = SDKROOT; };
		9833AAEB16D40BA50081CEB9 /* CoreGraphics.framework */ = {isa = PBXFileReference; lastKnownFileType = wrapper.framework; name = CoreGraphics.framework; path = System/Library/Frameworks/CoreGraphics.framework; sourceTree = SDKROOT; };
		9833AAEF16D40BA50081CEB9 /* Components-Info.plist */ = {isa = PBXFileReference; lastKnownFileType = text.plist.xml; path = "Components-Info.plist"; sourceTree = "<group>"; };
		9833AAF116D40BA50081CEB9 /* en */ = {isa = PBXFileReference; lastKnownFileType = text.plist.strings; name = en; path = en.lproj/InfoPlist.strings; sourceTree = "<group>"; };
		9833AAF316D40BA50081CEB9 /* main.m */ = {isa = PBXFileReference; lastKnownFileType = sourcecode.c.objc; path = main.m; sourceTree = "<group>"; };
		9833AAF516D40BA50081CEB9 /* Components-Prefix.pch */ = {isa = PBXFileReference; lastKnownFileType = sourcecode.c.h; path = "Components-Prefix.pch"; sourceTree = "<group>"; };
		9833AAF616D40BA50081CEB9 /* SCLAppDelegate.h */ = {isa = PBXFileReference; lastKnownFileType = sourcecode.c.h; path = SCLAppDelegate.h; sourceTree = "<group>"; };
		9833AAF716D40BA50081CEB9 /* SCLAppDelegate.m */ = {isa = PBXFileReference; lastKnownFileType = sourcecode.c.objc; path = SCLAppDelegate.m; sourceTree = "<group>"; };
		9833AAF916D40BA50081CEB9 /* Default.png */ = {isa = PBXFileReference; lastKnownFileType = image.png; path = Default.png; sourceTree = "<group>"; };
		9833AAFB16D40BA50081CEB9 /* Default@2x.png */ = {isa = PBXFileReference; lastKnownFileType = image.png; path = "Default@2x.png"; sourceTree = "<group>"; };
		9833AAFD16D40BA50081CEB9 /* Default-568h@2x.png */ = {isa = PBXFileReference; lastKnownFileType = image.png; path = "Default-568h@2x.png"; sourceTree = "<group>"; };
		9833AB0016D40BA50081CEB9 /* en */ = {isa = PBXFileReference; lastKnownFileType = file.storyboard; name = en; path = en.lproj/MainStoryboard.storyboard; sourceTree = "<group>"; };
		9833AB0216D40BA50081CEB9 /* SCLViewController.h */ = {isa = PBXFileReference; lastKnownFileType = sourcecode.c.h; path = SCLViewController.h; sourceTree = "<group>"; };
		9833AB0316D40BA50081CEB9 /* SCLViewController.m */ = {isa = PBXFileReference; lastKnownFileType = sourcecode.c.objc; path = SCLViewController.m; sourceTree = "<group>"; };
/* End PBXFileReference section */

/* Begin PBXFrameworksBuildPhase section */
		9833AAE116D40BA50081CEB9 /* Frameworks */ = {
			isa = PBXFrameworksBuildPhase;
			buildActionMask = 2147483647;
			files = (
				9833AAE816D40BA50081CEB9 /* UIKit.framework in Frameworks */,
				9833AAEA16D40BA50081CEB9 /* Foundation.framework in Frameworks */,
				9833AAEC16D40BA50081CEB9 /* CoreGraphics.framework in Frameworks */,
			);
			runOnlyForDeploymentPostprocessing = 0;
		};
/* End PBXFrameworksBuildPhase section */

/* Begin PBXGroup section */
		9833AADB16D40BA50081CEB9 = {
			isa = PBXGroup;
			children = (
				9833AAED16D40BA50081CEB9 /* Components */,
				9833AAE616D40BA50081CEB9 /* Frameworks */,
				9833AAE516D40BA50081CEB9 /* Products */,
			);
			sourceTree = "<group>";
		};
		9833AAE516D40BA50081CEB9 /* Products */ = {
			isa = PBXGroup;
			children = (
				9833AAE416D40BA50081CEB9 /* Components.app */,
			);
			name = Products;
			sourceTree = "<group>";
		};
		9833AAE616D40BA50081CEB9 /* Frameworks */ = {
			isa = PBXGroup;
			children = (
				9833AAE716D40BA50081CEB9 /* UIKit.framework */,
				9833AAE916D40BA50081CEB9 /* Foundation.framework */,
				9833AAEB16D40BA50081CEB9 /* CoreGraphics.framework */,
			);
			name = Frameworks;
			sourceTree = "<group>";
		};
		9833AAED16D40BA50081CEB9 /* Components */ = {
			isa = PBXGroup;
			children = (
				9833AAF616D40BA50081CEB9 /* SCLAppDelegate.h */,
				9833AAF716D40BA50081CEB9 /* SCLAppDelegate.m */,
				9833AAFF16D40BA50081CEB9 /* MainStoryboard.storyboard */,
				9833AB0216D40BA50081CEB9 /* SCLViewController.h */,
				9833AB0316D40BA50081CEB9 /* SCLViewController.m */,
				9833AAEE16D40BA50081CEB9 /* Supporting Files */,
			);
			path = Components;
			sourceTree = "<group>";
		};
		9833AAEE16D40BA50081CEB9 /* Supporting Files */ = {
			isa = PBXGroup;
			children = (
				9833AAEF16D40BA50081CEB9 /* Components-Info.plist */,
				9833AAF016D40BA50081CEB9 /* InfoPlist.strings */,
				9833AAF316D40BA50081CEB9 /* main.m */,
				9833AAF516D40BA50081CEB9 /* Components-Prefix.pch */,
				9833AAF916D40BA50081CEB9 /* Default.png */,
				9833AAFB16D40BA50081CEB9 /* Default@2x.png */,
				9833AAFD16D40BA50081CEB9 /* Default-568h@2x.png */,
			);
			name = "Supporting Files";
			sourceTree = "<group>";
		};
/* End PBXGroup section */

/* Begin PBXNativeTarget section */
		9833AAE316D40BA50081CEB9 /* Components */ = {
			isa = PBXNativeTarget;
			buildConfigurationList = 9833AB0716D40BA50081CEB9 /* Build configuration list for PBXNativeTarget "Components" */;
			buildPhases = (
				9833AAE016D40BA50081CEB9 /* Sources */,
				9833AAE116D40BA50081CEB9 /* Frameworks */,
				9833AAE216D40BA50081CEB9 /* Resources */,
			);
			buildRules = (
			);
			dependencies = (
			);
			name = Components;
			productName = Components;
			productReference = 9833AAE416D40BA50081CEB9 /* Components.app */;
			productType = "com.apple.product-type.application";
		};
/* End PBXNativeTarget section */

/* Begin PBXProject section */
		9833AADC16D40BA50081CEB9 /* Project object */ = {
			isa = PBXProject;
			attributes = {
				CLASSPREFIX = SCL;
				LastUpgradeCheck = 0460;
				ORGANIZATIONNAME = "Scott Lessans";
			};
			buildConfigurationList = 9833AADF16D40BA50081CEB9 /* Build configuration list for PBXProject "Components" */;
			compatibilityVersion = "Xcode 3.2";
			developmentRegion = English;
			hasScannedForEncodings = 0;
			knownRegions = (
				en,
			);
			mainGroup = 9833AADB16D40BA50081CEB9;
			productRefGroup = 9833AAE516D40BA50081CEB9 /* Products */;
			projectDirPath = "";
			projectRoot = "";
			targets = (
				9833AAE316D40BA50081CEB9 /* Components */,
			);
		};
/* End PBXProject section */

/* Begin PBXResourcesBuildPhase section */
		9833AAE216D40BA50081CEB9 /* Resources */ = {
			isa = PBXResourcesBuildPhase;
			buildActionMask = 2147483647;
			files = (
				9833AAF216D40BA50081CEB9 /* InfoPlist.strings in Resources */,
				9833AAFA16D40BA50081CEB9 /* Default.png in Resources */,
				9833AAFC16D40BA50081CEB9 /* Default@2x.png in Resources */,
				9833AAFE16D40BA50081CEB9 /* Default-568h@2x.png in Resources */,
				9833AB0116D40BA50081CEB9 /* MainStoryboard.storyboard in Resources */,
			);
			runOnlyForDeploymentPostprocessing = 0;
		};
/* End PBXResourcesBuildPhase section */

/* Begin PBXSourcesBuildPhase section */
		9833AAE016D40BA50081CEB9 /* Sources */ = {
			isa = PBXSourcesBuildPhase;
			buildActionMask = 2147483647;
			files = (
				9833AAF416D40BA50081CEB9 /* main.m in Sources */,
				9833AAF816D40BA50081CEB9 /* SCLAppDelegate.m in Sources */,
				9833AB0416D40BA50081CEB9 /* SCLViewController.m in Sources */,
			);
			runOnlyForDeploymentPostprocessing = 0;
		};
/* End PBXSourcesBuildPhase section */

/* Begin PBXVariantGroup section */
		9833AAF016D40BA50081CEB9 /* InfoPlist.strings */ = {
			isa = PBXVariantGroup;
			children = (
				9833AAF116D40BA50081CEB9 /* en */,
			);
			name = InfoPlist.strings;
			sourceTree = "<group>";
		};
		9833AAFF16D40BA50081CEB9 /* MainStoryboard.storyboard */ = {
			isa = PBXVariantGroup;
			children = (
				9833AB0016D40BA50081CEB9 /* en */,
			);
			name = MainStoryboard.storyboard;
			sourceTree = "<group>";
		};
/* End PBXVariantGroup section */

/* Begin XCBuildConfiguration section */
		9833AB0516D40BA50081CEB9 /* Debug */ = {
			isa = XCBuildConfiguration;
			buildSettings = {
				ALWAYS_SEARCH_USER_PATHS = NO;
				CLANG_CXX_LANGUAGE_STANDARD = "gnu++0x";
				CLANG_CXX_LIBRARY = "libc++";
				CLANG_ENABLE_OBJC_ARC = YES;
				CLANG_WARN_CONSTANT_CONVERSION = YES;
				CLANG_WARN_EMPTY_BODY = YES;
				CLANG_WARN_ENUM_CONVERSION = YES;
				CLANG_WARN_INT_CONVERSION = YES;
				CLANG_WARN__DUPLICATE_METHOD_MATCH = YES;
				"CODE_SIGN_IDENTITY[sdk=iphoneos*]" = "iPhone Developer";
				COPY_PHASE_STRIP = NO;
				GCC_C_LANGUAGE_STANDARD = gnu99;
				GCC_DYNAMIC_NO_PIC = NO;
				GCC_OPTIMIZATION_LEVEL = 0;
				GCC_PREPROCESSOR_DEFINITIONS = (
					"DEBUG=1",
					"$(inherited)",
				);
				GCC_SYMBOLS_PRIVATE_EXTERN = NO;
				GCC_WARN_ABOUT_RETURN_TYPE = YES;
				GCC_WARN_UNINITIALIZED_AUTOS = YES;
				GCC_WARN_UNUSED_VARIABLE = YES;
				IPHONEOS_DEPLOYMENT_TARGET = 6.1;
				ONLY_ACTIVE_ARCH = YES;
				SDKROOT = iphoneos;
			};
			name = Debug;
		};
		9833AB0616D40BA50081CEB9 /* Release */ = {
			isa = XCBuildConfiguration;
			buildSettings = {
				ALWAYS_SEARCH_USER_PATHS = NO;
				CLANG_CXX_LANGUAGE_STANDARD = "gnu++0x";
				CLANG_CXX_LIBRARY = "libc++";
				CLANG_ENABLE_OBJC_ARC = YES;
				CLANG_WARN_CONSTANT_CONVERSION = YES;
				CLANG_WARN_EMPTY_BODY = YES;
				CLANG_WARN_ENUM_CONVERSION = YES;
				CLANG_WARN_INT_CONVERSION = YES;
				CLANG_WARN__DUPLICATE_METHOD_MATCH = YES;
				"CODE_SIGN_IDENTITY[sdk=iphoneos*]" = "iPhone Developer";
				COPY_PHASE_STRIP = YES;
				GCC_C_LANGUAGE_STANDARD = gnu99;
				GCC_WARN_ABOUT_RETURN_TYPE = YES;
				GCC_WARN_UNINITIALIZED_AUTOS = YES;
				GCC_WARN_UNUSED_VARIABLE = YES;
				IPHONEOS_DEPLOYMENT_TARGET = 6.1;
				OTHER_CFLAGS = "-DNS_BLOCK_ASSERTIONS=1";
				SDKROOT = iphoneos;
				VALIDATE_PRODUCT = YES;
			};
			name = Release;
		};
		9833AB0816D40BA50081CEB9 /* Debug */ = {
			isa = XCBuildConfiguration;
			buildSettings = {
				GCC_PRECOMPILE_PREFIX_HEADER = YES;
				GCC_PREFIX_HEADER = "Components/Components-Prefix.pch";
				INFOPLIST_FILE = "Components/Components-Info.plist";
				PRODUCT_NAME = "$(TARGET_NAME)";
				WRAPPER_EXTENSION = app;
			};
			name = Debug;
		};
		9833AB0916D40BA50081CEB9 /* Release */ = {
			isa = XCBuildConfiguration;
			buildSettings = {
				GCC_PRECOMPILE_PREFIX_HEADER = YES;
				GCC_PREFIX_HEADER = "Components/Components-Prefix.pch";
				INFOPLIST_FILE = "Components/Components-Info.plist";
				PRODUCT_NAME = "$(TARGET_NAME)";
				WRAPPER_EXTENSION = app;
			};
			name = Release;
		};
/* End XCBuildConfiguration section */

/* Begin XCConfigurationList section */
		9833AADF16D40BA50081CEB9 /* Build configuration list for PBXProject "Components" */ = {
			isa = XCConfigurationList;
			buildConfigurations = (
				9833AB0516D40BA50081CEB9 /* Debug */,
				9833AB0616D40BA50081CEB9 /* Release */,
			);
			defaultConfigurationIsVisible = 0;
			defaultConfigurationName = Release;
		};
		9833AB0716D40BA50081CEB9 /* Build configuration list for PBXNativeTarget "Components" */ = {
			isa = XCConfigurationList;
			buildConfigurations = (
				9833AB0816D40BA50081CEB9 /* Debug */,
				9833AB0916D40BA50081CEB9 /* Release */,
			);
			defaultConfigurationIsVisible = 0;
		};
/* End XCConfigurationList section */
	};
	rootObject = 9833AADC16D40BA50081CEB9 /* Project object */;
}
